
Microsoft Visual Studio Solution File, Format Version 12.00
# Visual Studio Version 16
VisualStudioVersion = 16.0.31729.503
MinimumVisualStudioVersion = 10.0.40219.1
Project("{8BC9CEB8-8B4A-11D0-8D11-00A0C91BC942}") = "Vina-GPU-v2.0-CUDA", "Vina-GPU-v2.0-CUDA.vcxproj", "{25D0D2D3-2320-4077-9F68-EB5A19B8D008}"
EndProject
Global
	GlobalSection(SolutionConfigurationPlatforms) = preSolution
		Debug|x64 = Debug|x64
		Release|x64 = Release|x64
	EndGlobalSection
	GlobalSection(ProjectConfigurationPlatforms) = postSolution
		{25D0D2D3-2320-4077-9F68-EB5A19B8D008}.Debug|x64.ActiveCfg = Debug|x64
		{25D0D2D3-2320-4077-9F68-EB5A19B8D008}.Debug|x64.Build.0 = Debug|x64
		{25D0D2D3-2320-4077-9F68-EB5A19B8D008}.Release|x64.ActiveCfg = Debug|x64
		{25D0D2D3-2320-4077-9F68-EB5A19B8D008}.Release|x64.Build.0 = Debug|x64
	EndGlobalSection
	GlobalSection(SolutionProperties) = preSolution
		HideSolutionNode = FALSE
	EndGlobalSection
	GlobalSection(ExtensibilityGlobals) = postSolution
		SolutionGuid = {7B64CF50-070F-4D99-9034-77C36CA77E4B}
	EndGlobalSection
EndGlobal
